// !$*UTF8*$!
{
	archiveVersion = 1;
	classes = {
	};
	objectVersion = 48;
	objects = {

/* Begin PBXBuildFile section */
		3608A57720997DFA00E52CE0 /* AlarmDetail.swift in Sources */ = {isa = PBXBuildFile; fileRef = 3608A57620997DFA00E52CE0 /* AlarmDetail.swift */; };
		362BAA0220B93F8E00C3CE7D /* LocalSaver.swift in Sources */ = {isa = PBXBuildFile; fileRef = 362BAA0120B93F8E00C3CE7D /* LocalSaver.swift */; };
		3640CE7E2094104300520D06 /* AppDelegate.swift in Sources */ = {isa = PBXBuildFile; fileRef = 3640CE7D2094104300520D06 /* AppDelegate.swift */; };
		3640CE802094104300520D06 /* ViewController.swift in Sources */ = {isa = PBXBuildFile; fileRef = 3640CE7F2094104300520D06 /* ViewController.swift */; };
		3640CE832094104300520D06 /* Main.storyboard in Resources */ = {isa = PBXBuildFile; fileRef = 3640CE812094104300520D06 /* Main.storyboard */; };
		3640CE852094104300520D06 /* Assets.xcassets in Resources */ = {isa = PBXBuildFile; fileRef = 3640CE842094104300520D06 /* Assets.xcassets */; };
		3640CE882094104300520D06 /* LaunchScreen.storyboard in Resources */ = {isa = PBXBuildFile; fileRef = 3640CE862094104300520D06 /* LaunchScreen.storyboard */; };
		3640CE932094104300520D06 /* smartAlarmTests.swift in Sources */ = {isa = PBXBuildFile; fileRef = 3640CE922094104300520D06 /* smartAlarmTests.swift */; };
		3640CE9E2094104300520D06 /* smartAlarmUITests.swift in Sources */ = {isa = PBXBuildFile; fileRef = 3640CE9D2094104300520D06 /* smartAlarmUITests.swift */; };
		3640CEAC2094117100520D06 /* AlarmCell.swift in Sources */ = {isa = PBXBuildFile; fileRef = 3640CEAB2094117100520D06 /* AlarmCell.swift */; };
		3640CEAE2094119000520D06 /* Alarm.swift in Sources */ = {isa = PBXBuildFile; fileRef = 3640CEAD2094119000520D06 /* Alarm.swift */; };
		3640CEB02094121300520D06 /* AlarmsViewController.swift in Sources */ = {isa = PBXBuildFile; fileRef = 3640CEAF2094121300520D06 /* AlarmsViewController.swift */; };
		3640CEB22094122D00520D06 /* AlarmList.swift in Sources */ = {isa = PBXBuildFile; fileRef = 3640CEB12094122D00520D06 /* AlarmList.swift */; };
		3658AC8020B1A8EB00BAA20E /* AlarmRepeatEditController.swift in Sources */ = {isa = PBXBuildFile; fileRef = 3658AC7F20B1A8EB00BAA20E /* AlarmRepeatEditController.swift */; };
		3658AC8220B3AE1E00BAA20E /* AlarmSoundEditController.swift in Sources */ = {isa = PBXBuildFile; fileRef = 3658AC8120B3AE1E00BAA20E /* AlarmSoundEditController.swift */; };
		3658AC8420B3AE4100BAA20E /* AlarmInfoEditController.swift in Sources */ = {isa = PBXBuildFile; fileRef = 3658AC8320B3AE4100BAA20E /* AlarmInfoEditController.swift */; };
		36ADA73F209962500087F603 /* AlarmDetailViewController.swift in Sources */ = {isa = PBXBuildFile; fileRef = 36ADA73E209962500087F603 /* AlarmDetailViewController.swift */; };
		36B3E269209A9D3700FBDDB6 /* WebViewController.swift in Sources */ = {isa = PBXBuildFile; fileRef = 36B3E268209A9D3700FBDDB6 /* WebViewController.swift */; };
		36B3E26C209AD3E400FBDDB6 /* WebKit.framework in Frameworks */ = {isa = PBXBuildFile; fileRef = 36B3E26B209AD3E400FBDDB6 /* WebKit.framework */; };
		36CC8D3B20AE6B33000D41E7 /* AlarmDetailCell.swift in Sources */ = {isa = PBXBuildFile; fileRef = 36CC8D3A20AE6B33000D41E7 /* AlarmDetailCell.swift */; };
		36CC8D3D20AE94AA000D41E7 /* constant.swift in Sources */ = {isa = PBXBuildFile; fileRef = 36CC8D3C20AE94AA000D41E7 /* constant.swift */; };
		7CBA963AB12DB7C321C76111 /* Pods_smartAlarm.framework in Frameworks */ = {isa = PBXBuildFile; fileRef = 274804AE8FAC506EE8744098 /* Pods_smartAlarm.framework */; };
/* End PBXBuildFile section */

/* Begin PBXContainerItemProxy section */
		3640CE8F2094104300520D06 /* PBXContainerItemProxy */ = {
			isa = PBXContainerItemProxy;
			containerPortal = 3640CE722094104300520D06 /* Project object */;
			proxyType = 1;
			remoteGlobalIDString = 3640CE792094104300520D06;
			remoteInfo = smartAlarm;
		};
		3640CE9A2094104300520D06 /* PBXContainerItemProxy */ = {
			isa = PBXContainerItemProxy;
			containerPortal = 3640CE722094104300520D06 /* Project object */;
			proxyType = 1;
			remoteGlobalIDString = 3640CE792094104300520D06;
			remoteInfo = smartAlarm;
		};
/* End PBXContainerItemProxy section */

/* Begin PBXFileReference section */
		274804AE8FAC506EE8744098 /* Pods_smartAlarm.framework */ = {isa = PBXFileReference; explicitFileType = wrapper.framework; includeInIndex = 0; path = Pods_smartAlarm.framework; sourceTree = BUILT_PRODUCTS_DIR; };
		3608A57620997DFA00E52CE0 /* AlarmDetail.swift */ = {isa = PBXFileReference; lastKnownFileType = sourcecode.swift; path = AlarmDetail.swift; sourceTree = "<group>"; };
		362BAA0120B93F8E00C3CE7D /* LocalSaver.swift */ = {isa = PBXFileReference; lastKnownFileType = sourcecode.swift; path = LocalSaver.swift; sourceTree = "<group>"; };
		3640CE7A2094104300520D06 /* smartAlarm.app */ = {isa = PBXFileReference; explicitFileType = wrapper.application; includeInIndex = 0; path = smartAlarm.app; sourceTree = BUILT_PRODUCTS_DIR; };
		3640CE7D2094104300520D06 /* AppDelegate.swift */ = {isa = PBXFileReference; lastKnownFileType = sourcecode.swift; path = AppDelegate.swift; sourceTree = "<group>"; };
		3640CE7F2094104300520D06 /* ViewController.swift */ = {isa = PBXFileReference; lastKnownFileType = sourcecode.swift; path = ViewController.swift; sourceTree = "<group>"; };
		3640CE822094104300520D06 /* Base */ = {isa = PBXFileReference; lastKnownFileType = file.storyboard; name = Base; path = Base.lproj/Main.storyboard; sourceTree = "<group>"; };
		3640CE842094104300520D06 /* Assets.xcassets */ = {isa = PBXFileReference; lastKnownFileType = folder.assetcatalog; path = Assets.xcassets; sourceTree = "<group>"; };
		3640CE872094104300520D06 /* Base */ = {isa = PBXFileReference; lastKnownFileType = file.storyboard; name = Base; path = Base.lproj/LaunchScreen.storyboard; sourceTree = "<group>"; };
		3640CE892094104300520D06 /* Info.plist */ = {isa = PBXFileReference; lastKnownFileType = text.plist.xml; path = Info.plist; sourceTree = "<group>"; };
		3640CE8E2094104300520D06 /* smartAlarmTests.xctest */ = {isa = PBXFileReference; explicitFileType = wrapper.cfbundle; includeInIndex = 0; path = smartAlarmTests.xctest; sourceTree = BUILT_PRODUCTS_DIR; };
		3640CE922094104300520D06 /* smartAlarmTests.swift */ = {isa = PBXFileReference; lastKnownFileType = sourcecode.swift; path = smartAlarmTests.swift; sourceTree = "<group>"; };
		3640CE942094104300520D06 /* Info.plist */ = {isa = PBXFileReference; lastKnownFileType = text.plist.xml; path = Info.plist; sourceTree = "<group>"; };
		3640CE992094104300520D06 /* smartAlarmUITests.xctest */ = {isa = PBXFileReference; explicitFileType = wrapper.cfbundle; includeInIndex = 0; path = smartAlarmUITests.xctest; sourceTree = BUILT_PRODUCTS_DIR; };
		3640CE9D2094104300520D06 /* smartAlarmUITests.swift */ = {isa = PBXFileReference; lastKnownFileType = sourcecode.swift; path = smartAlarmUITests.swift; sourceTree = "<group>"; };
		3640CE9F2094104300520D06 /* Info.plist */ = {isa = PBXFileReference; lastKnownFileType = text.plist.xml; path = Info.plist; sourceTree = "<group>"; };
		3640CEAB2094117100520D06 /* AlarmCell.swift */ = {isa = PBXFileReference; lastKnownFileType = sourcecode.swift; path = AlarmCell.swift; sourceTree = "<group>"; };
		3640CEAD2094119000520D06 /* Alarm.swift */ = {isa = PBXFileReference; lastKnownFileType = sourcecode.swift; path = Alarm.swift; sourceTree = "<group>"; };
		3640CEAF2094121300520D06 /* AlarmsViewController.swift */ = {isa = PBXFileReference; lastKnownFileType = sourcecode.swift; path = AlarmsViewController.swift; sourceTree = "<group>"; };
		3640CEB12094122D00520D06 /* AlarmList.swift */ = {isa = PBXFileReference; lastKnownFileType = sourcecode.swift; path = AlarmList.swift; sourceTree = "<group>"; };
		3658AC7F20B1A8EB00BAA20E /* AlarmRepeatEditController.swift */ = {isa = PBXFileReference; lastKnownFileType = sourcecode.swift; path = AlarmRepeatEditController.swift; sourceTree = "<group>"; };
		3658AC8120B3AE1E00BAA20E /* AlarmSoundEditController.swift */ = {isa = PBXFileReference; lastKnownFileType = sourcecode.swift; path = AlarmSoundEditController.swift; sourceTree = "<group>"; };
		3658AC8320B3AE4100BAA20E /* AlarmInfoEditController.swift */ = {isa = PBXFileReference; lastKnownFileType = sourcecode.swift; path = AlarmInfoEditController.swift; sourceTree = "<group>"; };
		36ADA73E209962500087F603 /* AlarmDetailViewController.swift */ = {isa = PBXFileReference; lastKnownFileType = sourcecode.swift; path = AlarmDetailViewController.swift; sourceTree = "<group>"; };
		36B3E268209A9D3700FBDDB6 /* WebViewController.swift */ = {isa = PBXFileReference; lastKnownFileType = sourcecode.swift; path = WebViewController.swift; sourceTree = "<group>"; };
		36B3E26B209AD3E400FBDDB6 /* WebKit.framework */ = {isa = PBXFileReference; lastKnownFileType = wrapper.framework; name = WebKit.framework; path = System/Library/Frameworks/WebKit.framework; sourceTree = SDKROOT; };
		36CC8D3A20AE6B33000D41E7 /* AlarmDetailCell.swift */ = {isa = PBXFileReference; lastKnownFileType = sourcecode.swift; path = AlarmDetailCell.swift; sourceTree = "<group>"; };
		36CC8D3C20AE94AA000D41E7 /* constant.swift */ = {isa = PBXFileReference; lastKnownFileType = sourcecode.swift; path = constant.swift; sourceTree = "<group>"; };
		6B70FEC8EF3D04940950CC12 /* Pods-smartAlarm.debug.xcconfig */ = {isa = PBXFileReference; includeInIndex = 1; lastKnownFileType = text.xcconfig; name = "Pods-smartAlarm.debug.xcconfig"; path = "Pods/Target Support Files/Pods-smartAlarm/Pods-smartAlarm.debug.xcconfig"; sourceTree = "<group>"; };
		E07EF6CAFC6AC8878917C9FE /* Pods-smartAlarm.release.xcconfig */ = {isa = PBXFileReference; includeInIndex = 1; lastKnownFileType = text.xcconfig; name = "Pods-smartAlarm.release.xcconfig"; path = "Pods/Target Support Files/Pods-smartAlarm/Pods-smartAlarm.release.xcconfig"; sourceTree = "<group>"; };
/* End PBXFileReference section */

/* Begin PBXFrameworksBuildPhase section */
		3640CE772094104300520D06 /* Frameworks */ = {
			isa = PBXFrameworksBuildPhase;
			buildActionMask = 2147483647;
			files = (
				36B3E26C209AD3E400FBDDB6 /* WebKit.framework in Frameworks */,
				7CBA963AB12DB7C321C76111 /* Pods_smartAlarm.framework in Frameworks */,
			);
			runOnlyForDeploymentPostprocessing = 0;
		};
		3640CE8B2094104300520D06 /* Frameworks */ = {
			isa = PBXFrameworksBuildPhase;
			buildActionMask = 2147483647;
			files = (
			);
			runOnlyForDeploymentPostprocessing = 0;
		};
		3640CE962094104300520D06 /* Frameworks */ = {
			isa = PBXFrameworksBuildPhase;
			buildActionMask = 2147483647;
			files = (
			);
			runOnlyForDeploymentPostprocessing = 0;
		};
/* End PBXFrameworksBuildPhase section */

/* Begin PBXGroup section */
		3640CE712094104300520D06 = {
			isa = PBXGroup;
			children = (
				3640CE7C2094104300520D06 /* smartAlarm */,
				3640CE912094104300520D06 /* smartAlarmTests */,
				3640CE9C2094104300520D06 /* smartAlarmUITests */,
				3640CE7B2094104300520D06 /* Products */,
				36B3E26A209AD3E300FBDDB6 /* Frameworks */,
				4CBCCA474C64EF383D36CE80 /* Pods */,
			);
			sourceTree = "<group>";
		};
		3640CE7B2094104300520D06 /* Products */ = {
			isa = PBXGroup;
			children = (
				3640CE7A2094104300520D06 /* smartAlarm.app */,
				3640CE8E2094104300520D06 /* smartAlarmTests.xctest */,
				3640CE992094104300520D06 /* smartAlarmUITests.xctest */,
			);
			name = Products;
			sourceTree = "<group>";
		};
		3640CE7C2094104300520D06 /* smartAlarm */ = {
			isa = PBXGroup;
			children = (
				36B3E267209A99FF00FBDDB6 /* data */,
				36B3E266209A99D600FBDDB6 /* prototype */,
				36B3E265209A98CF00FBDDB6 /* components */,
				36B3E264209A98A500FBDDB6 /* controllers */,
				3640CE7D2094104300520D06 /* AppDelegate.swift */,
				3640CE7F2094104300520D06 /* ViewController.swift */,
				3640CE812094104300520D06 /* Main.storyboard */,
				3640CE842094104300520D06 /* Assets.xcassets */,
				3640CE862094104300520D06 /* LaunchScreen.storyboard */,
				3640CE892094104300520D06 /* Info.plist */,
			);
			path = smartAlarm;
			sourceTree = "<group>";
		};
		3640CE912094104300520D06 /* smartAlarmTests */ = {
			isa = PBXGroup;
			children = (
				3640CE922094104300520D06 /* smartAlarmTests.swift */,
				3640CE942094104300520D06 /* Info.plist */,
			);
			path = smartAlarmTests;
			sourceTree = "<group>";
		};
		3640CE9C2094104300520D06 /* smartAlarmUITests */ = {
			isa = PBXGroup;
			children = (
				3640CE9D2094104300520D06 /* smartAlarmUITests.swift */,
				3640CE9F2094104300520D06 /* Info.plist */,
			);
			path = smartAlarmUITests;
			sourceTree = "<group>";
		};
		36B3E264209A98A500FBDDB6 /* controllers */ = {
			isa = PBXGroup;
			children = (
				36ADA73E209962500087F603 /* AlarmDetailViewController.swift */,
				3640CEAF2094121300520D06 /* AlarmsViewController.swift */,
				36B3E268209A9D3700FBDDB6 /* WebViewController.swift */,
				3658AC7F20B1A8EB00BAA20E /* AlarmRepeatEditController.swift */,
				3658AC8120B3AE1E00BAA20E /* AlarmSoundEditController.swift */,
				3658AC8320B3AE4100BAA20E /* AlarmInfoEditController.swift */,
			);
			path = controllers;
			sourceTree = "<group>";
		};
		36B3E265209A98CF00FBDDB6 /* components */ = {
			isa = PBXGroup;
			children = (
				3640CEAB2094117100520D06 /* AlarmCell.swift */,
				36CC8D3A20AE6B33000D41E7 /* AlarmDetailCell.swift */,
			);
			path = components;
			sourceTree = "<group>";
		};
		36B3E266209A99D600FBDDB6 /* prototype */ = {
			isa = PBXGroup;
			children = (
				3608A57620997DFA00E52CE0 /* AlarmDetail.swift */,
				3640CEAD2094119000520D06 /* Alarm.swift */,
			);
			path = prototype;
			sourceTree = "<group>";
		};
		36B3E267209A99FF00FBDDB6 /* data */ = {
			isa = PBXGroup;
			children = (
				3640CEB12094122D00520D06 /* AlarmList.swift */,
				36CC8D3C20AE94AA000D41E7 /* constant.swift */,
				362BAA0120B93F8E00C3CE7D /* LocalSaver.swift */,
			);
			path = data;
			sourceTree = "<group>";
		};
		36B3E26A209AD3E300FBDDB6 /* Frameworks */ = {
			isa = PBXGroup;
			children = (
				36B3E26B209AD3E400FBDDB6 /* WebKit.framework */,
				274804AE8FAC506EE8744098 /* Pods_smartAlarm.framework */,
			);
			name = Frameworks;
			sourceTree = "<group>";
		};
		4CBCCA474C64EF383D36CE80 /* Pods */ = {
			isa = PBXGroup;
			children = (
				6B70FEC8EF3D04940950CC12 /* Pods-smartAlarm.debug.xcconfig */,
				E07EF6CAFC6AC8878917C9FE /* Pods-smartAlarm.release.xcconfig */,
			);
			name = Pods;
			sourceTree = "<group>";
		};
/* End PBXGroup section */

/* Begin PBXNativeTarget section */
		3640CE792094104300520D06 /* smartAlarm */ = {
			isa = PBXNativeTarget;
			buildConfigurationList = 3640CEA22094104300520D06 /* Build configuration list for PBXNativeTarget "smartAlarm" */;
			buildPhases = (
				6A85FF6C4589A15AB40A0549 /* [CP] Check Pods Manifest.lock */,
				3640CE762094104300520D06 /* Sources */,
				3640CE772094104300520D06 /* Frameworks */,
				3640CE782094104300520D06 /* Resources */,
				7B8C94C9229DF3BEF01C06FF /* [CP] Embed Pods Frameworks */,
			);
			buildRules = (
			);
			dependencies = (
			);
			name = smartAlarm;
			productName = smartAlarm;
			productReference = 3640CE7A2094104300520D06 /* smartAlarm.app */;
			productType = "com.apple.product-type.application";
		};
		3640CE8D2094104300520D06 /* smartAlarmTests */ = {
			isa = PBXNativeTarget;
			buildConfigurationList = 3640CEA52094104300520D06 /* Build configuration list for PBXNativeTarget "smartAlarmTests" */;
			buildPhases = (
				3640CE8A2094104300520D06 /* Sources */,
				3640CE8B2094104300520D06 /* Frameworks */,
				3640CE8C2094104300520D06 /* Resources */,
			);
			buildRules = (
			);
			dependencies = (
				3640CE902094104300520D06 /* PBXTargetDependency */,
			);
			name = smartAlarmTests;
			productName = smartAlarmTests;
			productReference = 3640CE8E2094104300520D06 /* smartAlarmTests.xctest */;
			productType = "com.apple.product-type.bundle.unit-test";
		};
		3640CE982094104300520D06 /* smartAlarmUITests */ = {
			isa = PBXNativeTarget;
			buildConfigurationList = 3640CEA82094104300520D06 /* Build configuration list for PBXNativeTarget "smartAlarmUITests" */;
			buildPhases = (
				3640CE952094104300520D06 /* Sources */,
				3640CE962094104300520D06 /* Frameworks */,
				3640CE972094104300520D06 /* Resources */,
			);
			buildRules = (
			);
			dependencies = (
				3640CE9B2094104300520D06 /* PBXTargetDependency */,
			);
			name = smartAlarmUITests;
			productName = smartAlarmUITests;
			productReference = 3640CE992094104300520D06 /* smartAlarmUITests.xctest */;
			productType = "com.apple.product-type.bundle.ui-testing";
		};
/* End PBXNativeTarget section */

/* Begin PBXProject section */
		3640CE722094104300520D06 /* Project object */ = {
			isa = PBXProject;
			attributes = {
				LastSwiftUpdateCheck = 0900;
				LastUpgradeCheck = 0900;
				ORGANIZATIONNAME = hzt;
				TargetAttributes = {
					3640CE792094104300520D06 = {
						CreatedOnToolsVersion = 9.0;
						ProvisioningStyle = Automatic;
					};
					3640CE8D2094104300520D06 = {
						CreatedOnToolsVersion = 9.0;
						ProvisioningStyle = Automatic;
						TestTargetID = 3640CE792094104300520D06;
					};
					3640CE982094104300520D06 = {
						CreatedOnToolsVersion = 9.0;
						ProvisioningStyle = Automatic;
						TestTargetID = 3640CE792094104300520D06;
					};
				};
			};
			buildConfigurationList = 3640CE752094104300520D06 /* Build configuration list for PBXProject "smartAlarm" */;
			compatibilityVersion = "Xcode 8.0";
			developmentRegion = en;
			hasScannedForEncodings = 0;
			knownRegions = (
				en,
				Base,
			);
			mainGroup = 3640CE712094104300520D06;
			productRefGroup = 3640CE7B2094104300520D06 /* Products */;
			projectDirPath = "";
			projectRoot = "";
			targets = (
				3640CE792094104300520D06 /* smartAlarm */,
				3640CE8D2094104300520D06 /* smartAlarmTests */,
				3640CE982094104300520D06 /* smartAlarmUITests */,
			);
		};
/* End PBXProject section */

/* Begin PBXResourcesBuildPhase section */
		3640CE782094104300520D06 /* Resources */ = {
			isa = PBXResourcesBuildPhase;
			buildActionMask = 2147483647;
			files = (
				3640CE882094104300520D06 /* LaunchScreen.storyboard in Resources */,
				3640CE852094104300520D06 /* Assets.xcassets in Resources */,
				3640CE832094104300520D06 /* Main.storyboard in Resources */,
			);
			runOnlyForDeploymentPostprocessing = 0;
		};
		3640CE8C2094104300520D06 /* Resources */ = {
			isa = PBXResourcesBuildPhase;
			buildActionMask = 2147483647;
			files = (
			);
			runOnlyForDeploymentPostprocessing = 0;
		};
		3640CE972094104300520D06 /* Resources */ = {
			isa = PBXResourcesBuildPhase;
			buildActionMask = 2147483647;
			files = (
			);
			runOnlyForDeploymentPostprocessing = 0;
		};
/* End PBXResourcesBuildPhase section */

/* Begin PBXShellScriptBuildPhase section */
		6A85FF6C4589A15AB40A0549 /* [CP] Check Pods Manifest.lock */ = {
			isa = PBXShellScriptBuildPhase;
			buildActionMask = 2147483647;
			files = (
			);
			inputPaths = (
				"${PODS_PODFILE_DIR_PATH}/Podfile.lock",
				"${PODS_ROOT}/Manifest.lock",
			);
			name = "[CP] Check Pods Manifest.lock";
			outputPaths = (
				"$(DERIVED_FILE_DIR)/Pods-smartAlarm-checkManifestLockResult.txt",
			);
			runOnlyForDeploymentPostprocessing = 0;
			shellPath = /bin/sh;
			shellScript = "diff \"${PODS_PODFILE_DIR_PATH}/Podfile.lock\" \"${PODS_ROOT}/Manifest.lock\" > /dev/null\nif [ $? != 0 ] ; then\n    # print error to STDERR\n    echo \"error: The sandbox is not in sync with the Podfile.lock. Run 'pod install' or update your CocoaPods installation.\" >&2\n    exit 1\nfi\n# This output is used by Xcode 'outputs' to avoid re-running this script phase.\necho \"SUCCESS\" > \"${SCRIPT_OUTPUT_FILE_0}\"\n";
			showEnvVarsInLog = 0;
		};
		7B8C94C9229DF3BEF01C06FF /* [CP] Embed Pods Frameworks */ = {
			isa = PBXShellScriptBuildPhase;
			buildActionMask = 2147483647;
			files = (
			);
			inputPaths = (
				"${SRCROOT}/Pods/Target Support Files/Pods-smartAlarm/Pods-smartAlarm-frameworks.sh",
				"${BUILT_PRODUCTS_DIR}/Alamofire/Alamofire.framework",
			);
			name = "[CP] Embed Pods Frameworks";
			outputPaths = (
				"${TARGET_BUILD_DIR}/${FRAMEWORKS_FOLDER_PATH}/Alamofire.framework",
			);
			runOnlyForDeploymentPostprocessing = 0;
			shellPath = /bin/sh;
			shellScript = "\"${SRCROOT}/Pods/Target Support Files/Pods-smartAlarm/Pods-smartAlarm-frameworks.sh\"\n";
			showEnvVarsInLog = 0;
		};
/* End PBXShellScriptBuildPhase section */

/* Begin PBXSourcesBuildPhase section */
		3640CE762094104300520D06 /* Sources */ = {
			isa = PBXSourcesBuildPhase;
			buildActionMask = 2147483647;
			files = (
				3640CE802094104300520D06 /* ViewController.swift in Sources */,
				36B3E269209A9D3700FBDDB6 /* WebViewController.swift in Sources */,
				36ADA73F209962500087F603 /* AlarmDetailViewController.swift in Sources */,
				3640CEB22094122D00520D06 /* AlarmList.swift in Sources */,
				3640CE7E2094104300520D06 /* AppDelegate.swift in Sources */,
				3608A57720997DFA00E52CE0 /* AlarmDetail.swift in Sources */,
				36CC8D3B20AE6B33000D41E7 /* AlarmDetailCell.swift in Sources */,
				362BAA0220B93F8E00C3CE7D /* LocalSaver.swift in Sources */,
				3640CEAC2094117100520D06 /* AlarmCell.swift in Sources */,
				3658AC8020B1A8EB00BAA20E /* AlarmRepeatEditController.swift in Sources */,
				3658AC8220B3AE1E00BAA20E /* AlarmSoundEditController.swift in Sources */,
				3640CEAE2094119000520D06 /* Alarm.swift in Sources */,
				3640CEB02094121300520D06 /* AlarmsViewController.swift in Sources */,
				36CC8D3D20AE94AA000D41E7 /* constant.swift in Sources */,
				3658AC8420B3AE4100BAA20E /* AlarmInfoEditController.swift in Sources */,
			);
			runOnlyForDeploymentPostprocessing = 0;
		};
		3640CE8A2094104300520D06 /* Sources */ = {
			isa = PBXSourcesBuildPhase;
			buildActionMask = 2147483647;
			files = (
				3640CE932094104300520D06 /* smartAlarmTests.swift in Sources */,
			);
			runOnlyForDeploymentPostprocessing = 0;
		};
		3640CE952094104300520D06 /* Sources */ = {
			isa = PBXSourcesBuildPhase;
			buildActionMask = 2147483647;
			files = (
				3640CE9E2094104300520D06 /* smartAlarmUITests.swift in Sources */,
			);
			runOnlyForDeploymentPostprocessing = 0;
		};
/* End PBXSourcesBuildPhase section */

/* Begin PBXTargetDependency section */
		3640CE902094104300520D06 /* PBXTargetDependency */ = {
			isa = PBXTargetDependency;
			target = 3640CE792094104300520D06 /* smartAlarm */;
			targetProxy = 3640CE8F2094104300520D06 /* PBXContainerItemProxy */;
		};
		3640CE9B2094104300520D06 /* PBXTargetDependency */ = {
			isa = PBXTargetDependency;
			target = 3640CE792094104300520D06 /* smartAlarm */;
			targetProxy = 3640CE9A2094104300520D06 /* PBXContainerItemProxy */;
		};
/* End PBXTargetDependency section */

/* Begin PBXVariantGroup section */
		3640CE812094104300520D06 /* Main.storyboard */ = {
			isa = PBXVariantGroup;
			children = (
				3640CE822094104300520D06 /* Base */,
			);
			name = Main.storyboard;
			sourceTree = "<group>";
		};
		3640CE862094104300520D06 /* LaunchScreen.storyboard */ = {
			isa = PBXVariantGroup;
			children = (
				3640CE872094104300520D06 /* Base */,
			);
			name = LaunchScreen.storyboard;
			sourceTree = "<group>";
		};
/* End PBXVariantGroup section */

/* Begin XCBuildConfiguration section */
		3640CEA02094104300520D06 /* Debug */ = {
			isa = XCBuildConfiguration;
			buildSettings = {
				ALWAYS_SEARCH_USER_PATHS = NO;
				CLANG_ANALYZER_NONNULL = YES;
				CLANG_ANALYZER_NUMBER_OBJECT_CONVERSION = YES_AGGRESSIVE;
				CLANG_CXX_LANGUAGE_STANDARD = "gnu++14";
				CLANG_CXX_LIBRARY = "libc++";
				CLANG_ENABLE_MODULES = YES;
				CLANG_ENABLE_OBJC_ARC = YES;
				CLANG_WARN_BLOCK_CAPTURE_AUTORELEASING = YES;
				CLANG_WARN_BOOL_CONVERSION = YES;
				CLANG_WARN_COMMA = YES;
				CLANG_WARN_CONSTANT_CONVERSION = YES;
				CLANG_WARN_DIRECT_OBJC_ISA_USAGE = YES_ERROR;
				CLANG_WARN_DOCUMENTATION_COMMENTS = YES;
				CLANG_WARN_EMPTY_BODY = YES;
				CLANG_WARN_ENUM_CONVERSION = YES;
				CLANG_WARN_INFINITE_RECURSION = YES;
				CLANG_WARN_INT_CONVERSION = YES;
				CLANG_WARN_NON_LITERAL_NULL_CONVERSION = YES;
				CLANG_WARN_OBJC_LITERAL_CONVERSION = YES;
				CLANG_WARN_OBJC_ROOT_CLASS = YES_ERROR;
				CLANG_WARN_RANGE_LOOP_ANALYSIS = YES;
				CLANG_WARN_STRICT_PROTOTYPES = YES;
				CLANG_WARN_SUSPICIOUS_MOVE = YES;
				CLANG_WARN_UNGUARDED_AVAILABILITY = YES_AGGRESSIVE;
				CLANG_WARN_UNREACHABLE_CODE = YES;
				CLANG_WARN__DUPLICATE_METHOD_MATCH = YES;
				CODE_SIGN_IDENTITY = "iPhone Developer";
				COPY_PHASE_STRIP = NO;
				DEBUG_INFORMATION_FORMAT = dwarf;
				ENABLE_STRICT_OBJC_MSGSEND = YES;
				ENABLE_TESTABILITY = YES;
				GCC_C_LANGUAGE_STANDARD = gnu11;
				GCC_DYNAMIC_NO_PIC = NO;
				GCC_NO_COMMON_BLOCKS = YES;
				GCC_OPTIMIZATION_LEVEL = 0;
				GCC_PREPROCESSOR_DEFINITIONS = (
					"DEBUG=1",
					"$(inherited)",
				);
				GCC_WARN_64_TO_32_BIT_CONVERSION = YES;
				GCC_WARN_ABOUT_RETURN_TYPE = YES_ERROR;
				GCC_WARN_UNDECLARED_SELECTOR = YES;
				GCC_WARN_UNINITIALIZED_AUTOS = YES_AGGRESSIVE;
				GCC_WARN_UNUSED_FUNCTION = YES;
				GCC_WARN_UNUSED_VARIABLE = YES;
				IPHONEOS_DEPLOYMENT_TARGET = 11.0;
				MTL_ENABLE_DEBUG_INFO = YES;
				ONLY_ACTIVE_ARCH = YES;
				SDKROOT = iphoneos;
				SWIFT_ACTIVE_COMPILATION_CONDITIONS = DEBUG;
				SWIFT_OPTIMIZATION_LEVEL = "-Onone";
			};
			name = Debug;
		};
		3640CEA12094104300520D06 /* Release */ = {
			isa = XCBuildConfiguration;
			buildSettings = {
				ALWAYS_SEARCH_USER_PATHS = NO;
				CLANG_ANALYZER_NONNULL = YES;
				CLANG_ANALYZER_NUMBER_OBJECT_CONVERSION = YES_AGGRESSIVE;
				CLANG_CXX_LANGUAGE_STANDARD = "gnu++14";
				CLANG_CXX_LIBRARY = "libc++";
				CLANG_ENABLE_MODULES = YES;
				CLANG_ENABLE_OBJC_ARC = YES;
				CLANG_WARN_BLOCK_CAPTURE_AUTORELEASING = YES;
				CLANG_WARN_BOOL_CONVERSION = YES;
				CLANG_WARN_COMMA = YES;
				CLANG_WARN_CONSTANT_CONVERSION = YES;
				CLANG_WARN_DIRECT_OBJC_ISA_USAGE = YES_ERROR;
				CLANG_WARN_DOCUMENTATION_COMMENTS = YES;
				CLANG_WARN_EMPTY_BODY = YES;
				CLANG_WARN_ENUM_CONVERSION = YES;
				CLANG_WARN_INFINITE_RECURSION = YES;
				CLANG_WARN_INT_CONVERSION = YES;
				CLANG_WARN_NON_LITERAL_NULL_CONVERSION = YES;
				CLANG_WARN_OBJC_LITERAL_CONVERSION = YES;
				CLANG_WARN_OBJC_ROOT_CLASS = YES_ERROR;
				CLANG_WARN_RANGE_LOOP_ANALYSIS = YES;
				CLANG_WARN_STRICT_PROTOTYPES = YES;
				CLANG_WARN_SUSPICIOUS_MOVE = YES;
				CLANG_WARN_UNGUARDED_AVAILABILITY = YES_AGGRESSIVE;
				CLANG_WARN_UNREACHABLE_CODE = YES;
				CLANG_WARN__DUPLICATE_METHOD_MATCH = YES;
				CODE_SIGN_IDENTITY = "iPhone Developer";
				COPY_PHASE_STRIP = NO;
				DEBUG_INFORMATION_FORMAT = "dwarf-with-dsym";
				ENABLE_NS_ASSERTIONS = NO;
				ENABLE_STRICT_OBJC_MSGSEND = YES;
				GCC_C_LANGUAGE_STANDARD = gnu11;
				GCC_NO_COMMON_BLOCKS = YES;
				GCC_WARN_64_TO_32_BIT_CONVERSION = YES;
				GCC_WARN_ABOUT_RETURN_TYPE = YES_ERROR;
				GCC_WARN_UNDECLARED_SELECTOR = YES;
				GCC_WARN_UNINITIALIZED_AUTOS = YES_AGGRESSIVE;
				GCC_WARN_UNUSED_FUNCTION = YES;
				GCC_WARN_UNUSED_VARIABLE = YES;
				IPHONEOS_DEPLOYMENT_TARGET = 11.0;
				MTL_ENABLE_DEBUG_INFO = NO;
				SDKROOT = iphoneos;
				SWIFT_OPTIMIZATION_LEVEL = "-Owholemodule";
				VALIDATE_PRODUCT = YES;
			};
			name = Release;
		};
		3640CEA32094104300520D06 /* Debug */ = {
			isa = XCBuildConfiguration;
			baseConfigurationReference = 6B70FEC8EF3D04940950CC12 /* Pods-smartAlarm.debug.xcconfig */;
			buildSettings = {
				ASSETCATALOG_COMPILER_APPICON_NAME = AppIcon;
				CODE_SIGN_STYLE = Automatic;
				DEVELOPMENT_TEAM = QHE93S5T2K;
				INFOPLIST_FILE = smartAlarm/Info.plist;
				IPHONEOS_DEPLOYMENT_TARGET = 11.3;
				LD_RUNPATH_SEARCH_PATHS = "$(inherited) @executable_path/Frameworks";
				PRODUCT_BUNDLE_IDENTIFIER = hzt.smartAlarm;
				PRODUCT_NAME = "$(TARGET_NAME)";
				SWIFT_VERSION = 4.0;
				TARGETED_DEVICE_FAMILY = "1,2";
			};
			name = Debug;
		};
		3640CEA42094104300520D06 /* Release */ = {
			isa = XCBuildConfiguration;
			baseConfigurationReference = E07EF6CAFC6AC8878917C9FE /* Pods-smartAlarm.release.xcconfig */;
			buildSettings = {
				ASSETCATALOG_COMPILER_APPICON_NAME = AppIcon;
				CODE_SIGN_STYLE = Automatic;
				DEVELOPMENT_TEAM = QHE93S5T2K;
				INFOPLIST_FILE = smartAlarm/Info.plist;
				IPHONEOS_DEPLOYMENT_TARGET = 11.3;
				LD_RUNPATH_SEARCH_PATHS = "$(inherited) @executable_path/Frameworks";
				PRODUCT_BUNDLE_IDENTIFIER = hzt.smartAlarm;
				PRODUCT_NAME = "$(TARGET_NAME)";
				SWIFT_VERSION = 4.0;
				TARGETED_DEVICE_FAMILY = "1,2";
			};
			name = Release;
		};
		3640CEA62094104300520D06 /* Debug */ = {
			isa = XCBuildConfiguration;
			buildSettings = {
				ALWAYS_EMBED_SWIFT_STANDARD_LIBRARIES = YES;
				BUNDLE_LOADER = "$(TEST_HOST)";
				CODE_SIGN_STYLE = Automatic;
				DEVELOPMENT_TEAM = QHE93S5T2K;
				INFOPLIST_FILE = smartAlarmTests/Info.plist;
				LD_RUNPATH_SEARCH_PATHS = "$(inherited) @executable_path/Frameworks @loader_path/Frameworks";
				PRODUCT_BUNDLE_IDENTIFIER = hzt.smartAlarmTests;
				PRODUCT_NAME = "$(TARGET_NAME)";
				SWIFT_VERSION = 4.0;
				TARGETED_DEVICE_FAMILY = "1,2";
				TEST_HOST = "$(BUILT_PRODUCTS_DIR)/smartAlarm.app/smartAlarm";
			};
			name = Debug;
		};
		3640CEA72094104300520D06 /* Release */ = {
			isa = XCBuildConfiguration;
			buildSettings = {
				ALWAYS_EMBED_SWIFT_STANDARD_LIBRARIES = YES;
				BUNDLE_LOADER = "$(TEST_HOST)";
				CODE_SIGN_STYLE = Automatic;
				DEVELOPMENT_TEAM = QHE93S5T2K;
				INFOPLIST_FILE = smartAlarmTests/Info.plist;
				LD_RUNPATH_SEARCH_PATHS = "$(inherited) @executable_path/Frameworks @loader_path/Frameworks";
				PRODUCT_BUNDLE_IDENTIFIER = hzt.smartAlarmTests;
				PRODUCT_NAME = "$(TARGET_NAME)";
				SWIFT_VERSION = 4.0;
				TARGETED_DEVICE_FAMILY = "1,2";
				TEST_HOST = "$(BUILT_PRODUCTS_DIR)/smartAlarm.app/smartAlarm";
			};
			name = Release;
		};
		3640CEA92094104300520D06 /* Debug */ = {
			isa = XCBuildConfiguration;
			buildSettings = {
				ALWAYS_EMBED_SWIFT_STANDARD_LIBRARIES = YES;
				CODE_SIGN_STYLE = Automatic;
				DEVELOPMENT_TEAM = QHE93S5T2K;
				INFOPLIST_FILE = smartAlarmUITests/Info.plist;
				LD_RUNPATH_SEARCH_PATHS = "$(inherited) @executable_path/Frameworks @loader_path/Frameworks";
				PRODUCT_BUNDLE_IDENTIFIER = hzt.smartAlarmUITests;
				PRODUCT_NAME = "$(TARGET_NAME)";
				SWIFT_VERSION = 4.0;
				TARGETED_DEVICE_FAMILY = "1,2";
				TEST_TARGET_NAME = smartAlarm;
			};
			name = Debug;
		};
		3640CEAA2094104300520D06 /* Release */ = {
			isa = XCBuildConfiguration;
			buildSettings = {
				ALWAYS_EMBED_SWIFT_STANDARD_LIBRARIES = YES;
				CODE_SIGN_STYLE = Automatic;
				DEVELOPMENT_TEAM = QHE93S5T2K;
				INFOPLIST_FILE = smartAlarmUITests/Info.plist;
				LD_RUNPATH_SEARCH_PATHS = "$(inherited) @executable_path/Frameworks @loader_path/Frameworks";
				PRODUCT_BUNDLE_IDENTIFIER = hzt.smartAlarmUITests;
				PRODUCT_NAME = "$(TARGET_NAME)";
				SWIFT_VERSION = 4.0;
				TARGETED_DEVICE_FAMILY = "1,2";
				TEST_TARGET_NAME = smartAlarm;
			};
			name = Release;
		};
/* End XCBuildConfiguration section */

/* Begin XCConfigurationList section */
		3640CE752094104300520D06 /* Build configuration list for PBXProject "smartAlarm" */ = {
			isa = XCConfigurationList;
			buildConfigurations = (
				3640CEA02094104300520D06 /* Debug */,
				3640CEA12094104300520D06 /* Release */,
			);
			defaultConfigurationIsVisible = 0;
			defaultConfigurationName = Release;
		};
		3640CEA22094104300520D06 /* Build configuration list for PBXNativeTarget "smartAlarm" */ = {
			isa = XCConfigurationList;
			buildConfigurations = (
				3640CEA32094104300520D06 /* Debug */,
				3640CEA42094104300520D06 /* Release */,
			);
			defaultConfigurationIsVisible = 0;
			defaultConfigurationName = Release;
		};
		3640CEA52094104300520D06 /* Build configuration list for PBXNativeTarget "smartAlarmTests" */ = {
			isa = XCConfigurationList;
			buildConfigurations = (
				3640CEA62094104300520D06 /* Debug */,
				3640CEA72094104300520D06 /* Release */,
			);
			defaultConfigurationIsVisible = 0;
			defaultConfigurationName = Release;
		};
		3640CEA82094104300520D06 /* Build configuration list for PBXNativeTarget "smartAlarmUITests" */ = {
			isa = XCConfigurationList;
			buildConfigurations = (
				3640CEA92094104300520D06 /* Debug */,
				3640CEAA2094104300520D06 /* Release */,
			);
			defaultConfigurationIsVisible = 0;
			defaultConfigurationName = Release;
		};
/* End XCConfigurationList section */
	};
	rootObject = 3640CE722094104300520D06 /* Project object */;
}
